
Microsoft Visual Studio Solution File, Format Version 12.00
# Visual Studio Version 17
VisualStudioVersion = 17.1.32421.90
MinimumVisualStudioVersion = 10.0.40219.1
Project("{FAE04EC0-301F-11D3-BF4B-00C04F79EFBC}") = "LibraryManagement", "LibraryManagement\LibraryManagement.csproj", "{C42935B2-CC3F-461D-9C29-356EFDDE4D9D}"
EndProject
Global
	GlobalSection(SolutionConfigurationPlatforms) = preSolution
		Debug|Any CPU = Debug|Any CPU
		Release|Any CPU = Release|Any CPU
	EndGlobalSection
	GlobalSection(ProjectConfigurationPlatforms) = postSolution
		{C42935B2-CC3F-461D-9C29-356EFDDE4D9D}.Debug|Any CPU.ActiveCfg = Debug|Any CPU
		{C42935B2-CC3F-461D-9C29-356EFDDE4D9D}.Debug|Any CPU.Build.0 = Debug|Any CPU
		{C42935B2-CC3F-461D-9C29-356EFDDE4D9D}.Release|Any CPU.ActiveCfg = Release|Any CPU
		{C42935B2-CC3F-461D-9C29-356EFDDE4D9D}.Release|Any CPU.Build.0 = Release|Any CPU
	EndGlobalSection
	GlobalSection(SolutionProperties) = preSolution
		HideSolutionNode = FALSE
	EndGlobalSection
	GlobalSection(ExtensibilityGlobals) = postSolution
		SolutionGuid = {17F45DE6-DCB3-404C-AB77-D9EF16813EB7}
	EndGlobalSection
EndGlobal
